PODS:
  - AFNetworking (3.1.0):
    - AFNetworking/NSURLSession (= 3.1.0)
    - AFNetworking/Reachability (= 3.1.0)
    - AFNetworking/Security (= 3.1.0)
    - AFNetworking/Serialization (= 3.1.0)
    - AFNetworking/UIKit (= 3.1.0)
  - AFNetworking/NSURLSession (3.1.0):
    - AFNetworking/Reachability
    - AFNetworking/Security
    - AFNetworking/Serialization
  - AFNetworking/Reachability (3.1.0)
  - AFNetworking/Security (3.1.0)
  - AFNetworking/Serialization (3.1.0)
  - AFNetworking/UIKit (3.1.0):
    - AFNetworking/NSURLSession
  - AMap2DMap (4.0.0):
    - AMapFoundation (= 1.0.0)
  - AMapFoundation (1.0.0)
  - AMapSearch (4.1.0):
    - AMapFoundation (~> 1.0)
  - HTHorizontalSelectionList (0.4.7)
  - Masonry (1.0.1)
  - MBProgressHUD (0.9.2)
  - MJRefresh (3.1.9)
  - SDWebImage (3.8.1):
    - SDWebImage/Core (= 3.8.1)
  - SDWebImage/Core (3.8.1)
  - UICollectionViewLeftAlignedLayout (0.0.3)

DEPENDENCIES:
  - AFNetworking
  - AMap2DMap
  - AMapSearch
  - HTHorizontalSelectionList (= 0.4.7)
  - Masonry
  - MBProgressHUD
  - MJRefresh
  - SDWebImage
  - UICollectionViewLeftAlignedLayout (= 0.0.3)

SPEC CHECKSUMS:
  AFNetworking: 5e0e199f73d8626b11e79750991f5d173d1f8b67
  AMap2DMap: 72868a24c1a7c70f86729a4dfb4e4c2dc301f727
  AMapFoundation: af861f5d299a4f17a1a8b50fd91242933bb352f3
  AMapSearch: cb4722480d2d4331a032d43bd1070ed0fa55dac9
  HTHorizontalSelectionList: 9a6195ecec2356c6cc4b4c792fa082a3d7347967
  Masonry: a1a931a0d08870ed8ae415a2ea5ea68ebcac77df
  MBProgressHUD: 1569cf7ace17a8bac47aabfbb8580a49690386d1
  MJRefresh: c5f1f1653e5a1b932c90f78074f2bc86f3f9bd5e
  SDWebImage: 35f9627a3e44b4f292a8a8ce6a531fa488239b91
  UICollectionViewLeftAlignedLayout: 46396e7c45573544981b9a04a2e25ecacba18774

PODFILE CHECKSUM: cf208087a8fbc9d7a90522d56f3a20d5ca6d4042

COCOAPODS: 1.0.0
