// !$*UTF8*$!
{
	archiveVersion = 1;
	classes = {
	};
	objectVersion = 46;
	objects = {

/* Begin PBXBuildFile section */
		411ADC3E1D1835370050B8EB /* QGHRegisterViewController.m in Sources */ = {isa = PBXBuildFile; fileRef = 411ADC3D1D1835370050B8EB /* QGHRegisterViewController.m */; };
		411ADC411D184D6D0050B8EB /* VerificationCodeTimer.swift in Sources */ = {isa = PBXBuildFile; fileRef = 411ADC401D184D6D0050B8EB /* VerificationCodeTimer.swift */; };
		415955411D04639900AC2BD4 /* QGHFirstViewController.m in Sources */ = {isa = PBXBuildFile; fileRef = 415955401D04639900AC2BD4 /* QGHFirstViewController.m */; };
		415955441D0465E500AC2BD4 /* QGHBannerCell.m in Sources */ = {isa = PBXBuildFile; fileRef = 415955431D0465E500AC2BD4 /* QGHBannerCell.m */; };
		4159554A1D04685D00AC2BD4 /* QGHFirstBannerCell.m in Sources */ = {isa = PBXBuildFile; fileRef = 415955481D04685D00AC2BD4 /* QGHFirstBannerCell.m */; };
		4159554B1D04685D00AC2BD4 /* QGHFirstBannerCell.xib in Resources */ = {isa = PBXBuildFile; fileRef = 415955491D04685D00AC2BD4 /* QGHFirstBannerCell.xib */; };
		415955511D046DC800AC2BD4 /* QGHRushPurchaseItemView.m in Sources */ = {isa = PBXBuildFile; fileRef = 415955501D046DC800AC2BD4 /* QGHRushPurchaseItemView.m */; };
		415955551D046F5000AC2BD4 /* QHGRushPurchaseItemView.xib in Resources */ = {isa = PBXBuildFile; fileRef = 415955541D046F5000AC2BD4 /* QHGRushPurchaseItemView.xib */; };
		41B3F3F41CFC87010007195B /* MMHImageView.m in Sources */ = {isa = PBXBuildFile; fileRef = 41B3F3F31CFC87010007195B /* MMHImageView.m */; };
		41B3F3F71CFC8A670007195B /* MMHAssistant.m in Sources */ = {isa = PBXBuildFile; fileRef = 41B3F3F61CFC8A670007195B /* MMHAssistant.m */; };
		41B3F3FC1CFC93940007195B /* UIView+StringTag.m in Sources */ = {isa = PBXBuildFile; fileRef = 41B3F3FB1CFC93940007195B /* UIView+StringTag.m */; };
		41B3F3FF1CFC948C0007195B /* QGHAppearance.m in Sources */ = {isa = PBXBuildFile; fileRef = 41B3F3FE1CFC948C0007195B /* QGHAppearance.m */; };
		41B3F4021CFC97230007195B /* NSString+QSCalcSize.m in Sources */ = {isa = PBXBuildFile; fileRef = 41B3F4011CFC97230007195B /* NSString+QSCalcSize.m */; };
		41B3F4061CFC98E70007195B /* BaseViewController.m in Sources */ = {isa = PBXBuildFile; fileRef = 41B3F4051CFC98E70007195B /* BaseViewController.m */; };
		41B3F4091CFCA0830007195B /* QGHTabBarController.m in Sources */ = {isa = PBXBuildFile; fileRef = 41B3F4081CFCA0830007195B /* QGHTabBarController.m */; };
		41BEEB211D0D979E00612F88 /* QGHRushPurchaseItemsCell.m in Sources */ = {isa = PBXBuildFile; fileRef = 41BEEB201D0D979E00612F88 /* QGHRushPurchaseItemsCell.m */; };
		41BEEB281D0D9A6A00612F88 /* QGHGoodsTableViewCell.m in Sources */ = {isa = PBXBuildFile; fileRef = 41BEEB261D0D9A6A00612F88 /* QGHGoodsTableViewCell.m */; };
		41BEEB291D0D9A6A00612F88 /* QGHGoodsTableViewCell.xib in Resources */ = {isa = PBXBuildFile; fileRef = 41BEEB271D0D9A6A00612F88 /* QGHGoodsTableViewCell.xib */; };
		41BEEB2C1D0EF82400612F88 /* QGHGoodsHeaderView.m in Sources */ = {isa = PBXBuildFile; fileRef = 41BEEB2B1D0EF82400612F88 /* QGHGoodsHeaderView.m */; };
		41BEEB2E1D0EF84A00612F88 /* QGHGoodsHeaderView.xib in Resources */ = {isa = PBXBuildFile; fileRef = 41BEEB2D1D0EF84A00612F88 /* QGHGoodsHeaderView.xib */; };
		41BEEB311D0F06FE00612F88 /* Stepper.swift in Sources */ = {isa = PBXBuildFile; fileRef = 41BEEB301D0F06FE00612F88 /* Stepper.swift */; };
		41BEEB351D0F086100612F88 /* QGHCartViewController.m in Sources */ = {isa = PBXBuildFile; fileRef = 41BEEB341D0F086100612F88 /* QGHCartViewController.m */; };
		41BF0F991CFB4F6100FB23C2 /* main.m in Sources */ = {isa = PBXBuildFile; fileRef = 41BF0F981CFB4F6100FB23C2 /* main.m */; };
		41BF0F9C1CFB4F6100FB23C2 /* AppDelegate.m in Sources */ = {isa = PBXBuildFile; fileRef = 41BF0F9B1CFB4F6100FB23C2 /* AppDelegate.m */; };
		41BF0F9F1CFB4F6100FB23C2 /* ViewController.m in Sources */ = {isa = PBXBuildFile; fileRef = 41BF0F9E1CFB4F6100FB23C2 /* ViewController.m */; };
		41BF0FA41CFB4F6100FB23C2 /* Assets.xcassets in Resources */ = {isa = PBXBuildFile; fileRef = 41BF0FA31CFB4F6100FB23C2 /* Assets.xcassets */; };
		41BF0FA71CFB4F6100FB23C2 /* LaunchScreen.storyboard in Resources */ = {isa = PBXBuildFile; fileRef = 41BF0FA51CFB4F6100FB23C2 /* LaunchScreen.storyboard */; };
		41BF0FB81CFB50D600FB23C2 /* QGHLocationManager.m in Sources */ = {isa = PBXBuildFile; fileRef = 41BF0FB71CFB50D600FB23C2 /* QGHLocationManager.m */; };
		41C64C6D1D181AF300E22E5B /* AdView.m in Sources */ = {isa = PBXBuildFile; fileRef = 41C64C6C1D181AF300E22E5B /* AdView.m */; };
		41C64C721D181C0300E22E5B /* QGHLoginViewController.m in Sources */ = {isa = PBXBuildFile; fileRef = 41C64C711D181C0300E22E5B /* QGHLoginViewController.m */; };
		41DA4ACE1D1594BE00A8E42D /* QGHPersonalCenterViewController.m in Sources */ = {isa = PBXBuildFile; fileRef = 41DA4ACD1D1594BE00A8E42D /* QGHPersonalCenterViewController.m */; };
		41DA4AD41D15962000A8E42D /* QGHCommonCellTableViewCell.m in Sources */ = {isa = PBXBuildFile; fileRef = 41DA4AD21D15962000A8E42D /* QGHCommonCellTableViewCell.m */; };
		41DA4AD51D15962000A8E42D /* QGHCommonCellTableViewCell.xib in Resources */ = {isa = PBXBuildFile; fileRef = 41DA4AD31D15962000A8E42D /* QGHCommonCellTableViewCell.xib */; };
		41DA4ADE1D159B5000A8E42D /* MMHPersonalCenterAllOrderCell.m in Sources */ = {isa = PBXBuildFile; fileRef = 41DA4ADD1D159B5000A8E42D /* MMHPersonalCenterAllOrderCell.m */; };
		41DA4AE21D16F31300A8E42D /* QGHChatViewController.m in Sources */ = {isa = PBXBuildFile; fileRef = 41DA4AE11D16F31300A8E42D /* QGHChatViewController.m */; };
		41DA4AE51D16FDEF00A8E42D /* QGHSegmentedControl.m in Sources */ = {isa = PBXBuildFile; fileRef = 41DA4AE41D16FDEF00A8E42D /* QGHSegmentedControl.m */; };
		D1BC298755BEA9C0E319311F /* libPods-QiangGouHui.a in Frameworks */ = {isa = PBXBuildFile; fileRef = 67968EB60CF93479054CD498 /* libPods-QiangGouHui.a */; };
/* End PBXBuildFile section */

/* Begin PBXFileReference section */
		3CF590EBA94ADBACCEF0BC3D /* Pods-QiangGouHui.debug.xcconfig */ = {isa = PBXFileReference; includeInIndex = 1; lastKnownFileType = text.xcconfig; name = "Pods-QiangGouHui.debug.xcconfig"; path = "Pods/Target Support Files/Pods-QiangGouHui/Pods-QiangGouHui.debug.xcconfig"; sourceTree = "<group>"; };
		411ADC3C1D1835370050B8EB /* QGHRegisterViewController.h */ = {isa = PBXFileReference; fileEncoding = 4; lastKnownFileType = sourcecode.c.h; path = QGHRegisterViewController.h; sourceTree = "<group>"; };
		411ADC3D1D1835370050B8EB /* QGHRegisterViewController.m */ = {isa = PBXFileReference; fileEncoding = 4; lastKnownFileType = sourcecode.c.objc; path = QGHRegisterViewController.m; sourceTree = "<group>"; };
		411ADC401D184D6D0050B8EB /* VerificationCodeTimer.swift */ = {isa = PBXFileReference; fileEncoding = 4; lastKnownFileType = sourcecode.swift; path = VerificationCodeTimer.swift; sourceTree = "<group>"; };
		4159553F1D04639900AC2BD4 /* QGHFirstViewController.h */ = {isa = PBXFileReference; fileEncoding = 4; lastKnownFileType = sourcecode.c.h; path = QGHFirstViewController.h; sourceTree = "<group>"; };
		415955401D04639900AC2BD4 /* QGHFirstViewController.m */ = {isa = PBXFileReference; fileEncoding = 4; lastKnownFileType = sourcecode.c.objc; path = QGHFirstViewController.m; sourceTree = "<group>"; };
		415955421D0465E500AC2BD4 /* QGHBannerCell.h */ = {isa = PBXFileReference; fileEncoding = 4; lastKnownFileType = sourcecode.c.h; path = QGHBannerCell.h; sourceTree = "<group>"; };
		415955431D0465E500AC2BD4 /* QGHBannerCell.m */ = {isa = PBXFileReference; fileEncoding = 4; lastKnownFileType = sourcecode.c.objc; path = QGHBannerCell.m; sourceTree = "<group>"; };
		415955471D04685D00AC2BD4 /* QGHFirstBannerCell.h */ = {isa = PBXFileReference; fileEncoding = 4; lastKnownFileType = sourcecode.c.h; path = QGHFirstBannerCell.h; sourceTree = "<group>"; };
		415955481D04685D00AC2BD4 /* QGHFirstBannerCell.m */ = {isa = PBXFileReference; fileEncoding = 4; lastKnownFileType = sourcecode.c.objc; path = QGHFirstBannerCell.m; sourceTree = "<group>"; };
		415955491D04685D00AC2BD4 /* QGHFirstBannerCell.xib */ = {isa = PBXFileReference; fileEncoding = 4; lastKnownFileType = file.xib; path = QGHFirstBannerCell.xib; sourceTree = "<group>"; };
		4159554F1D046DC800AC2BD4 /* QGHRushPurchaseItemView.h */ = {isa = PBXFileReference; fileEncoding = 4; lastKnownFileType = sourcecode.c.h; path = QGHRushPurchaseItemView.h; sourceTree = "<group>"; };
		415955501D046DC800AC2BD4 /* QGHRushPurchaseItemView.m */ = {isa = PBXFileReference; fileEncoding = 4; lastKnownFileType = sourcecode.c.objc; path = QGHRushPurchaseItemView.m; sourceTree = "<group>"; };
		415955541D046F5000AC2BD4 /* QHGRushPurchaseItemView.xib */ = {isa = PBXFileReference; fileEncoding = 4; lastKnownFileType = file.xib; path = QHGRushPurchaseItemView.xib; sourceTree = "<group>"; };
		41B3F3F21CFC87010007195B /* MMHImageView.h */ = {isa = PBXFileReference; fileEncoding = 4; lastKnownFileType = sourcecode.c.h; path = MMHImageView.h; sourceTree = "<group>"; };
		41B3F3F31CFC87010007195B /* MMHImageView.m */ = {isa = PBXFileReference; fileEncoding = 4; lastKnownFileType = sourcecode.c.objc; path = MMHImageView.m; sourceTree = "<group>"; };
		41B3F3F51CFC8A670007195B /* MMHAssistant.h */ = {isa = PBXFileReference; fileEncoding = 4; lastKnownFileType = sourcecode.c.h; path = MMHAssistant.h; sourceTree = "<group>"; };
		41B3F3F61CFC8A670007195B /* MMHAssistant.m */ = {isa = PBXFileReference; fileEncoding = 4; lastKnownFileType = sourcecode.c.objc; path = MMHAssistant.m; sourceTree = "<group>"; };
		41B3F3FA1CFC93940007195B /* UIView+StringTag.h */ = {isa = PBXFileReference; fileEncoding = 4; lastKnownFileType = sourcecode.c.h; path = "UIView+StringTag.h"; sourceTree = "<group>"; };
		41B3F3FB1CFC93940007195B /* UIView+StringTag.m */ = {isa = PBXFileReference; fileEncoding = 4; lastKnownFileType = sourcecode.c.objc; path = "UIView+StringTag.m"; sourceTree = "<group>"; };
		41B3F3FD1CFC948C0007195B /* QGHAppearance.h */ = {isa = PBXFileReference; fileEncoding = 4; lastKnownFileType = sourcecode.c.h; path = QGHAppearance.h; sourceTree = "<group>"; };
		41B3F3FE1CFC948C0007195B /* QGHAppearance.m */ = {isa = PBXFileReference; fileEncoding = 4; lastKnownFileType = sourcecode.c.objc; path = QGHAppearance.m; sourceTree = "<group>"; };
		41B3F4001CFC97230007195B /* NSString+QSCalcSize.h */ = {isa = PBXFileReference; fileEncoding = 4; lastKnownFileType = sourcecode.c.h; path = "NSString+QSCalcSize.h"; sourceTree = "<group>"; };
		41B3F4011CFC97230007195B /* NSString+QSCalcSize.m */ = {isa = PBXFileReference; fileEncoding = 4; lastKnownFileType = sourcecode.c.objc; path = "NSString+QSCalcSize.m"; sourceTree = "<group>"; };
		41B3F4041CFC98E70007195B /* BaseViewController.h */ = {isa = PBXFileReference; fileEncoding = 4; lastKnownFileType = sourcecode.c.h; path = BaseViewController.h; sourceTree = "<group>"; };
		41B3F4051CFC98E70007195B /* BaseViewController.m */ = {isa = PBXFileReference; fileEncoding = 4; lastKnownFileType = sourcecode.c.objc; path = BaseViewController.m; sourceTree = "<group>"; };
		41B3F4071CFCA0830007195B /* QGHTabBarController.h */ = {isa = PBXFileReference; fileEncoding = 4; lastKnownFileType = sourcecode.c.h; path = QGHTabBarController.h; sourceTree = "<group>"; };
		41B3F4081CFCA0830007195B /* QGHTabBarController.m */ = {isa = PBXFileReference; fileEncoding = 4; lastKnownFileType = sourcecode.c.objc; path = QGHTabBarController.m; sourceTree = "<group>"; };
		41BEEB1F1D0D979E00612F88 /* QGHRushPurchaseItemsCell.h */ = {isa = PBXFileReference; fileEncoding = 4; lastKnownFileType = sourcecode.c.h; path = QGHRushPurchaseItemsCell.h; sourceTree = "<group>"; };
		41BEEB201D0D979E00612F88 /* QGHRushPurchaseItemsCell.m */ = {isa = PBXFileReference; fileEncoding = 4; lastKnownFileType = sourcecode.c.objc; path = QGHRushPurchaseItemsCell.m; sourceTree = "<group>"; };
		41BEEB251D0D9A6A00612F88 /* QGHGoodsTableViewCell.h */ = {isa = PBXFileReference; fileEncoding = 4; lastKnownFileType = sourcecode.c.h; path = QGHGoodsTableViewCell.h; sourceTree = "<group>"; };
		41BEEB261D0D9A6A00612F88 /* QGHGoodsTableViewCell.m */ = {isa = PBXFileReference; fileEncoding = 4; lastKnownFileType = sourcecode.c.objc; path = QGHGoodsTableViewCell.m; sourceTree = "<group>"; };
		41BEEB271D0D9A6A00612F88 /* QGHGoodsTableViewCell.xib */ = {isa = PBXFileReference; fileEncoding = 4; lastKnownFileType = file.xib; path = QGHGoodsTableViewCell.xib; sourceTree = "<group>"; };
		41BEEB2A1D0EF82400612F88 /* QGHGoodsHeaderView.h */ = {isa = PBXFileReference; fileEncoding = 4; lastKnownFileType = sourcecode.c.h; path = QGHGoodsHeaderView.h; sourceTree = "<group>"; };
		41BEEB2B1D0EF82400612F88 /* QGHGoodsHeaderView.m */ = {isa = PBXFileReference; fileEncoding = 4; lastKnownFileType = sourcecode.c.objc; path = QGHGoodsHeaderView.m; sourceTree = "<group>"; };
		41BEEB2D1D0EF84A00612F88 /* QGHGoodsHeaderView.xib */ = {isa = PBXFileReference; fileEncoding = 4; lastKnownFileType = file.xib; path = QGHGoodsHeaderView.xib; sourceTree = "<group>"; };
		41BEEB2F1D0F06FD00612F88 /* QiangGouHui-Bridging-Header.h */ = {isa = PBXFileReference; lastKnownFileType = sourcecode.c.h; path = "QiangGouHui-Bridging-Header.h"; sourceTree = "<group>"; };
		41BEEB301D0F06FE00612F88 /* Stepper.swift */ = {isa = PBXFileReference; fileEncoding = 4; lastKnownFileType = sourcecode.swift; path = Stepper.swift; sourceTree = "<group>"; };
		41BEEB331D0F086100612F88 /* QGHCartViewController.h */ = {isa = PBXFileReference; fileEncoding = 4; lastKnownFileType = sourcecode.c.h; path = QGHCartViewController.h; sourceTree = "<group>"; };
		41BEEB341D0F086100612F88 /* QGHCartViewController.m */ = {isa = PBXFileReference; fileEncoding = 4; lastKnownFileType = sourcecode.c.objc; path = QGHCartViewController.m; sourceTree = "<group>"; };
		41BF0F941CFB4F6100FB23C2 /* QiangGouHui.app */ = {isa = PBXFileReference; explicitFileType = wrapper.application; includeInIndex = 0; path = QiangGouHui.app; sourceTree = BUILT_PRODUCTS_DIR; };
		41BF0F981CFB4F6100FB23C2 /* main.m */ = {isa = PBXFileReference; lastKnownFileType = sourcecode.c.objc; path = main.m; sourceTree = "<group>"; };
		41BF0F9A1CFB4F6100FB23C2 /* AppDelegate.h */ = {isa = PBXFileReference; lastKnownFileType = sourcecode.c.h; path = AppDelegate.h; sourceTree = "<group>"; };
		41BF0F9B1CFB4F6100FB23C2 /* AppDelegate.m */ = {isa = PBXFileReference; lastKnownFileType = sourcecode.c.objc; path = AppDelegate.m; sourceTree = "<group>"; };
		41BF0F9D1CFB4F6100FB23C2 /* ViewController.h */ = {isa = PBXFileReference; lastKnownFileType = sourcecode.c.h; path = ViewController.h; sourceTree = "<group>"; };
		41BF0F9E1CFB4F6100FB23C2 /* ViewController.m */ = {isa = PBXFileReference; lastKnownFileType = sourcecode.c.objc; path = ViewController.m; sourceTree = "<group>"; };
		41BF0FA31CFB4F6100FB23C2 /* Assets.xcassets */ = {isa = PBXFileReference; lastKnownFileType = folder.assetcatalog; path = Assets.xcassets; sourceTree = "<group>"; };
		41BF0FA61CFB4F6100FB23C2 /* Base */ = {isa = PBXFileReference; lastKnownFileType = file.storyboard; name = Base; path = Base.lproj/LaunchScreen.storyboard; sourceTree = "<group>"; };
		41BF0FA81CFB4F6100FB23C2 /* Info.plist */ = {isa = PBXFileReference; lastKnownFileType = text.plist.xml; path = Info.plist; sourceTree = "<group>"; };
		41BF0FB41CFB50C000FB23C2 /* QGHConstants.h */ = {isa = PBXFileReference; fileEncoding = 4; lastKnownFileType = sourcecode.c.h; path = QGHConstants.h; sourceTree = "<group>"; };
		41BF0FB61CFB50D600FB23C2 /* QGHLocationManager.h */ = {isa = PBXFileReference; fileEncoding = 4; lastKnownFileType = sourcecode.c.h; path = QGHLocationManager.h; sourceTree = "<group>"; };
		41BF0FB71CFB50D600FB23C2 /* QGHLocationManager.m */ = {isa = PBXFileReference; fileEncoding = 4; lastKnownFileType = sourcecode.c.objc; path = QGHLocationManager.m; sourceTree = "<group>"; };
		41BF0FB91CFB50F100FB23C2 /* QGH-Prefix.pch */ = {isa = PBXFileReference; fileEncoding = 4; lastKnownFileType = sourcecode.c.h; path = "QGH-Prefix.pch"; sourceTree = "<group>"; };
		41C64C6B1D181AF300E22E5B /* AdView.h */ = {isa = PBXFileReference; fileEncoding = 4; lastKnownFileType = sourcecode.c.h; path = AdView.h; sourceTree = "<group>"; };
		41C64C6C1D181AF300E22E5B /* AdView.m */ = {isa = PBXFileReference; fileEncoding = 4; lastKnownFileType = sourcecode.c.objc; path = AdView.m; sourceTree = "<group>"; };
		41C64C701D181C0300E22E5B /* QGHLoginViewController.h */ = {isa = PBXFileReference; fileEncoding = 4; lastKnownFileType = sourcecode.c.h; path = QGHLoginViewController.h; sourceTree = "<group>"; };
		41C64C711D181C0300E22E5B /* QGHLoginViewController.m */ = {isa = PBXFileReference; fileEncoding = 4; lastKnownFileType = sourcecode.c.objc; path = QGHLoginViewController.m; sourceTree = "<group>"; };
		41DA4ACC1D1594BE00A8E42D /* QGHPersonalCenterViewController.h */ = {isa = PBXFileReference; fileEncoding = 4; lastKnownFileType = sourcecode.c.h; path = QGHPersonalCenterViewController.h; sourceTree = "<group>"; };
		41DA4ACD1D1594BE00A8E42D /* QGHPersonalCenterViewController.m */ = {isa = PBXFileReference; fileEncoding = 4; lastKnownFileType = sourcecode.c.objc; path = QGHPersonalCenterViewController.m; sourceTree = "<group>"; };
		41DA4AD11D15962000A8E42D /* QGHCommonCellTableViewCell.h */ = {isa = PBXFileReference; fileEncoding = 4; lastKnownFileType = sourcecode.c.h; path = QGHCommonCellTableViewCell.h; sourceTree = "<group>"; };
		41DA4AD21D15962000A8E42D /* QGHCommonCellTableViewCell.m */ = {isa = PBXFileReference; fileEncoding = 4; lastKnownFileType = sourcecode.c.objc; path = QGHCommonCellTableViewCell.m; sourceTree = "<group>"; };
		41DA4AD31D15962000A8E42D /* QGHCommonCellTableViewCell.xib */ = {isa = PBXFileReference; fileEncoding = 4; lastKnownFileType = file.xib; path = QGHCommonCellTableViewCell.xib; sourceTree = "<group>"; };
		41DA4ADC1D159B5000A8E42D /* MMHPersonalCenterAllOrderCell.h */ = {isa = PBXFileReference; fileEncoding = 4; lastKnownFileType = sourcecode.c.h; path = MMHPersonalCenterAllOrderCell.h; sourceTree = "<group>"; };
		41DA4ADD1D159B5000A8E42D /* MMHPersonalCenterAllOrderCell.m */ = {isa = PBXFileReference; fileEncoding = 4; lastKnownFileType = sourcecode.c.objc; path = MMHPersonalCenterAllOrderCell.m; sourceTree = "<group>"; };
		41DA4AE01D16F31300A8E42D /* QGHChatViewController.h */ = {isa = PBXFileReference; fileEncoding = 4; lastKnownFileType = sourcecode.c.h; path = QGHChatViewController.h; sourceTree = "<group>"; };
		41DA4AE11D16F31300A8E42D /* QGHChatViewController.m */ = {isa = PBXFileReference; fileEncoding = 4; lastKnownFileType = sourcecode.c.objc; path = QGHChatViewController.m; sourceTree = "<group>"; };
		41DA4AE31D16FDEF00A8E42D /* QGHSegmentedControl.h */ = {isa = PBXFileReference; fileEncoding = 4; lastKnownFileType = sourcecode.c.h; path = QGHSegmentedControl.h; sourceTree = "<group>"; };
		41DA4AE41D16FDEF00A8E42D /* QGHSegmentedControl.m */ = {isa = PBXFileReference; fileEncoding = 4; lastKnownFileType = sourcecode.c.objc; path = QGHSegmentedControl.m; sourceTree = "<group>"; };
		67968EB60CF93479054CD498 /* libPods-QiangGouHui.a */ = {isa = PBXFileReference; explicitFileType = archive.ar; includeInIndex = 0; path = "libPods-QiangGouHui.a"; sourceTree = BUILT_PRODUCTS_DIR; };
		B9BECC3B9212C2BF0AD13B4F /* Pods-QiangGouHui.release.xcconfig */ = {isa = PBXFileReference; includeInIndex = 1; lastKnownFileType = text.xcconfig; name = "Pods-QiangGouHui.release.xcconfig"; path = "Pods/Target Support Files/Pods-QiangGouHui/Pods-QiangGouHui.release.xcconfig"; sourceTree = "<group>"; };
/* End PBXFileReference section */

/* Begin PBXFrameworksBuildPhase section */
		41BF0F911CFB4F6100FB23C2 /* Frameworks */ = {
			isa = PBXFrameworksBuildPhase;
			buildActionMask = 2147483647;
			files = (
				D1BC298755BEA9C0E319311F /* libPods-QiangGouHui.a in Frameworks */,
			);
			runOnlyForDeploymentPostprocessing = 0;
		};
/* End PBXFrameworksBuildPhase section */

/* Begin PBXGroup section */
		411ADC3F1D184D610050B8EB /* Tools */ = {
			isa = PBXGroup;
			children = (
				411ADC401D184D6D0050B8EB /* VerificationCodeTimer.swift */,
			);
			name = Tools;
			sourceTree = "<group>";
		};
		4159553E1D04636B00AC2BD4 /* FirstPage */ = {
			isa = PBXGroup;
			children = (
				415955461D0465F100AC2BD4 /* View */,
				415955451D0465E800AC2BD4 /* Controller */,
			);
			name = FirstPage;
			sourceTree = "<group>";
		};
		415955451D0465E800AC2BD4 /* Controller */ = {
			isa = PBXGroup;
			children = (
				4159553F1D04639900AC2BD4 /* QGHFirstViewController.h */,
				415955401D04639900AC2BD4 /* QGHFirstViewController.m */,
			);
			name = Controller;
			sourceTree = "<group>";
		};
		415955461D0465F100AC2BD4 /* View */ = {
			isa = PBXGroup;
			children = (
				415955421D0465E500AC2BD4 /* QGHBannerCell.h */,
				415955431D0465E500AC2BD4 /* QGHBannerCell.m */,
				415955471D04685D00AC2BD4 /* QGHFirstBannerCell.h */,
				415955481D04685D00AC2BD4 /* QGHFirstBannerCell.m */,
				415955491D04685D00AC2BD4 /* QGHFirstBannerCell.xib */,
				4159554F1D046DC800AC2BD4 /* QGHRushPurchaseItemView.h */,
				415955501D046DC800AC2BD4 /* QGHRushPurchaseItemView.m */,
				415955541D046F5000AC2BD4 /* QHGRushPurchaseItemView.xib */,
				41BEEB1F1D0D979E00612F88 /* QGHRushPurchaseItemsCell.h */,
				41BEEB201D0D979E00612F88 /* QGHRushPurchaseItemsCell.m */,
				41BEEB251D0D9A6A00612F88 /* QGHGoodsTableViewCell.h */,
				41BEEB261D0D9A6A00612F88 /* QGHGoodsTableViewCell.m */,
				41BEEB271D0D9A6A00612F88 /* QGHGoodsTableViewCell.xib */,
				41BEEB2A1D0EF82400612F88 /* QGHGoodsHeaderView.h */,
				41BEEB2B1D0EF82400612F88 /* QGHGoodsHeaderView.m */,
				41BEEB2D1D0EF84A00612F88 /* QGHGoodsHeaderView.xib */,
				41DA4AE31D16FDEF00A8E42D /* QGHSegmentedControl.h */,
				41DA4AE41D16FDEF00A8E42D /* QGHSegmentedControl.m */,
			);
			name = View;
			sourceTree = "<group>";
		};
		41B3F3F91CFC93860007195B /* Category */ = {
			isa = PBXGroup;
			children = (
				41B3F3FA1CFC93940007195B /* UIView+StringTag.h */,
				41B3F3FB1CFC93940007195B /* UIView+StringTag.m */,
				41B3F4001CFC97230007195B /* NSString+QSCalcSize.h */,
				41B3F4011CFC97230007195B /* NSString+QSCalcSize.m */,
			);
			name = Category;
			sourceTree = "<group>";
		};
		41B3F4031CFC98C80007195B /* Base */ = {
			isa = PBXGroup;
			children = (
				41BEEB301D0F06FE00612F88 /* Stepper.swift */,
				41B3F4041CFC98E70007195B /* BaseViewController.h */,
				41B3F4051CFC98E70007195B /* BaseViewController.m */,
				41B3F4071CFCA0830007195B /* QGHTabBarController.h */,
				41B3F4081CFCA0830007195B /* QGHTabBarController.m */,
			);
			name = Base;
			sourceTree = "<group>";
		};
		41BEEB321D0F084500612F88 /* Cart */ = {
			isa = PBXGroup;
			children = (
				41BEEB331D0F086100612F88 /* QGHCartViewController.h */,
				41BEEB341D0F086100612F88 /* QGHCartViewController.m */,
			);
			name = Cart;
			sourceTree = "<group>";
		};
		41BF0F8B1CFB4F6100FB23C2 = {
			isa = PBXGroup;
			children = (
				41BF0F961CFB4F6100FB23C2 /* QiangGouHui */,
				41BF0F951CFB4F6100FB23C2 /* Products */,
				F2F40F769CAE6933A457396A /* Pods */,
				784FAF7F814C9758168FAB42 /* Frameworks */,
			);
			sourceTree = "<group>";
		};
		41BF0F951CFB4F6100FB23C2 /* Products */ = {
			isa = PBXGroup;
			children = (
				41BF0F941CFB4F6100FB23C2 /* QiangGouHui.app */,
			);
			name = Products;
			sourceTree = "<group>";
		};
		41BF0F961CFB4F6100FB23C2 /* QiangGouHui */ = {
			isa = PBXGroup;
			children = (
				41BF0FAE1CFB504700FB23C2 /* Class */,
				41BF0FAF1CFB504F00FB23C2 /* Networking */,
				41BF0FB01CFB505F00FB23C2 /* Utilites */,
				41BF0FB11CFB507900FB23C2 /* Service */,
				41BF0FB21CFB508500FB23C2 /* ThirdSources */,
				41BF0FB31CFB509700FB23C2 /* Resource */,
				41BF0F971CFB4F6100FB23C2 /* Supporting Files */,
			);
			path = QiangGouHui;
			sourceTree = "<group>";
		};
		41BF0F971CFB4F6100FB23C2 /* Supporting Files */ = {
			isa = PBXGroup;
			children = (
				41BEEB2F1D0F06FD00612F88 /* QiangGouHui-Bridging-Header.h */,
				41BF0F9A1CFB4F6100FB23C2 /* AppDelegate.h */,
				41BF0F9B1CFB4F6100FB23C2 /* AppDelegate.m */,
				41BF0F9D1CFB4F6100FB23C2 /* ViewController.h */,
				41BF0F9E1CFB4F6100FB23C2 /* ViewController.m */,
				41BF0FA31CFB4F6100FB23C2 /* Assets.xcassets */,
				41BF0FA51CFB4F6100FB23C2 /* LaunchScreen.storyboard */,
				41BF0FA81CFB4F6100FB23C2 /* Info.plist */,
				41BF0F981CFB4F6100FB23C2 /* main.m */,
				41BF0FB91CFB50F100FB23C2 /* QGH-Prefix.pch */,
			);
			name = "Supporting Files";
			sourceTree = "<group>";
		};
		41BF0FAE1CFB504700FB23C2 /* Class */ = {
			isa = PBXGroup;
			children = (
				41C64C6E1D181BD300E22E5B /* Account */,
				4159553E1D04636B00AC2BD4 /* FirstPage */,
				41DA4ADF1D16F18000A8E42D /* Chat */,
				41BEEB321D0F084500612F88 /* Cart */,
				41DA4ACB1D1594A500A8E42D /* PersonalCenter */,
				41B3F4031CFC98C80007195B /* Base */,
			);
			name = Class;
			sourceTree = "<group>";
		};
		41BF0FAF1CFB504F00FB23C2 /* Networking */ = {
			isa = PBXGroup;
			children = (
			);
			name = Networking;
			sourceTree = "<group>";
		};
		41BF0FB01CFB505F00FB23C2 /* Utilites */ = {
			isa = PBXGroup;
			children = (
				41B3F3F91CFC93860007195B /* Category */,
				41B3F3F51CFC8A670007195B /* MMHAssistant.h */,
				41B3F3F61CFC8A670007195B /* MMHAssistant.m */,
				41B3F3F21CFC87010007195B /* MMHImageView.h */,
				41B3F3F31CFC87010007195B /* MMHImageView.m */,
				41BF0FB41CFB50C000FB23C2 /* QGHConstants.h */,
				41B3F3FD1CFC948C0007195B /* QGHAppearance.h */,
				41B3F3FE1CFC948C0007195B /* QGHAppearance.m */,
			);
			name = Utilites;
			sourceTree = "<group>";
		};
		41BF0FB11CFB507900FB23C2 /* Service */ = {
			isa = PBXGroup;
			children = (
				41BF0FB51CFB50CC00FB23C2 /* Location */,
			);
			name = Service;
			sourceTree = "<group>";
		};
		41BF0FB21CFB508500FB23C2 /* ThirdSources */ = {
			isa = PBXGroup;
			children = (
				41C64C6B1D181AF300E22E5B /* AdView.h */,
				41C64C6C1D181AF300E22E5B /* AdView.m */,
			);
			name = ThirdSources;
			sourceTree = "<group>";
		};
		41BF0FB31CFB509700FB23C2 /* Resource */ = {
			isa = PBXGroup;
			children = (
			);
			name = Resource;
			sourceTree = "<group>";
		};
		41BF0FB51CFB50CC00FB23C2 /* Location */ = {
			isa = PBXGroup;
			children = (
				41BF0FB61CFB50D600FB23C2 /* QGHLocationManager.h */,
				41BF0FB71CFB50D600FB23C2 /* QGHLocationManager.m */,
			);
			name = Location;
			sourceTree = "<group>";
		};
		41C64C6E1D181BD300E22E5B /* Account */ = {
			isa = PBXGroup;
			children = (
				411ADC3F1D184D610050B8EB /* Tools */,
				41C64C6F1D181BDC00E22E5B /* Controller */,
			);
			name = Account;
			sourceTree = "<group>";
		};
		41C64C6F1D181BDC00E22E5B /* Controller */ = {
			isa = PBXGroup;
			children = (
				41C64C701D181C0300E22E5B /* QGHLoginViewController.h */,
				41C64C711D181C0300E22E5B /* QGHLoginViewController.m */,
				411ADC3C1D1835370050B8EB /* QGHRegisterViewController.h */,
				411ADC3D1D1835370050B8EB /* QGHRegisterViewController.m */,
			);
			name = Controller;
			sourceTree = "<group>";
		};
		41DA4ACB1D1594A500A8E42D /* PersonalCenter */ = {
			isa = PBXGroup;
			children = (
				41DA4AD01D1595FE00A8E42D /* View */,
				41DA4ACF1D1595F300A8E42D /* Controller */,
			);
			name = PersonalCenter;
			sourceTree = "<group>";
		};
		41DA4ACF1D1595F300A8E42D /* Controller */ = {
			isa = PBXGroup;
			children = (
				41DA4ACC1D1594BE00A8E42D /* QGHPersonalCenterViewController.h */,
				41DA4ACD1D1594BE00A8E42D /* QGHPersonalCenterViewController.m */,
			);
			name = Controller;
			sourceTree = "<group>";
		};
		41DA4AD01D1595FE00A8E42D /* View */ = {
			isa = PBXGroup;
			children = (
				41DA4ADC1D159B5000A8E42D /* MMHPersonalCenterAllOrderCell.h */,
				41DA4ADD1D159B5000A8E42D /* MMHPersonalCenterAllOrderCell.m */,
				41DA4AD11D15962000A8E42D /* QGHCommonCellTableViewCell.h */,
				41DA4AD21D15962000A8E42D /* QGHCommonCellTableViewCell.m */,
				41DA4AD31D15962000A8E42D /* QGHCommonCellTableViewCell.xib */,
			);
			name = View;
			sourceTree = "<group>";
		};
		41DA4ADF1D16F18000A8E42D /* Chat */ = {
			isa = PBXGroup;
			children = (
				41DA4AE01D16F31300A8E42D /* QGHChatViewController.h */,
				41DA4AE11D16F31300A8E42D /* QGHChatViewController.m */,
			);
			name = Chat;
			sourceTree = "<group>";
		};
		784FAF7F814C9758168FAB42 /* Frameworks */ = {
			isa = PBXGroup;
			children = (
				67968EB60CF93479054CD498 /* libPods-QiangGouHui.a */,
			);
			name = Frameworks;
			sourceTree = "<group>";
		};
		F2F40F769CAE6933A457396A /* Pods */ = {
			isa = PBXGroup;
			children = (
				3CF590EBA94ADBACCEF0BC3D /* Pods-QiangGouHui.debug.xcconfig */,
				B9BECC3B9212C2BF0AD13B4F /* Pods-QiangGouHui.release.xcconfig */,
			);
			name = Pods;
			sourceTree = "<group>";
		};
/* End PBXGroup section */

/* Begin PBXNativeTarget section */
		41BF0F931CFB4F6100FB23C2 /* QiangGouHui */ = {
			isa = PBXNativeTarget;
			buildConfigurationList = 41BF0FAB1CFB4F6100FB23C2 /* Build configuration list for PBXNativeTarget "QiangGouHui" */;
			buildPhases = (
				3A3EAE7AF98EEFBCE0C21906 /* 📦 Check Pods Manifest.lock */,
				41BF0F901CFB4F6100FB23C2 /* Sources */,
				41BF0F911CFB4F6100FB23C2 /* Frameworks */,
				41BF0F921CFB4F6100FB23C2 /* Resources */,
				EE466F5DFED2D82AD340316C /* 📦 Embed Pods Frameworks */,
				6170CCA3382BAC90AD4DEF40 /* 📦 Copy Pods Resources */,
			);
			buildRules = (
			);
			dependencies = (
			);
			name = QiangGouHui;
			productName = QiangGouHui;
			productReference = 41BF0F941CFB4F6100FB23C2 /* QiangGouHui.app */;
			productType = "com.apple.product-type.application";
		};
/* End PBXNativeTarget section */

/* Begin PBXProject section */
		41BF0F8C1CFB4F6100FB23C2 /* Project object */ = {
			isa = PBXProject;
			attributes = {
				CLASSPREFIX = QGH;
				LastUpgradeCheck = 0730;
				ORGANIZATIONNAME = SoftBank;
				TargetAttributes = {
					41BF0F931CFB4F6100FB23C2 = {
						CreatedOnToolsVersion = 7.3;
						DevelopmentTeam = CHT2NUC8Q9;
					};
				};
			};
			buildConfigurationList = 41BF0F8F1CFB4F6100FB23C2 /* Build configuration list for PBXProject "QiangGouHui" */;
			compatibilityVersion = "Xcode 3.2";
			developmentRegion = English;
			hasScannedForEncodings = 0;
			knownRegions = (
				en,
				Base,
			);
			mainGroup = 41BF0F8B1CFB4F6100FB23C2;
			productRefGroup = 41BF0F951CFB4F6100FB23C2 /* Products */;
			projectDirPath = "";
			projectRoot = "";
			targets = (
				41BF0F931CFB4F6100FB23C2 /* QiangGouHui */,
			);
		};
/* End PBXProject section */

/* Begin PBXResourcesBuildPhase section */
		41BF0F921CFB4F6100FB23C2 /* Resources */ = {
			isa = PBXResourcesBuildPhase;
			buildActionMask = 2147483647;
			files = (
				41DA4AD51D15962000A8E42D /* QGHCommonCellTableViewCell.xib in Resources */,
				41BF0FA71CFB4F6100FB23C2 /* LaunchScreen.storyboard in Resources */,
				41BEEB291D0D9A6A00612F88 /* QGHGoodsTableViewCell.xib in Resources */,
				4159554B1D04685D00AC2BD4 /* QGHFirstBannerCell.xib in Resources */,
				41BF0FA41CFB4F6100FB23C2 /* Assets.xcassets in Resources */,
				415955551D046F5000AC2BD4 /* QHGRushPurchaseItemView.xib in Resources */,
				41BEEB2E1D0EF84A00612F88 /* QGHGoodsHeaderView.xib in Resources */,
			);
			runOnlyForDeploymentPostprocessing = 0;
		};
/* End PBXResourcesBuildPhase section */

/* Begin PBXShellScriptBuildPhase section */
		3A3EAE7AF98EEFBCE0C21906 /* 📦 Check Pods Manifest.lock */ = {
			isa = PBXShellScriptBuildPhase;
			buildActionMask = 2147483647;
			files = (
			);
			inputPaths = (
			);
			name = "📦 Check Pods Manifest.lock";
			outputPaths = (
			);
			runOnlyForDeploymentPostprocessing = 0;
			shellPath = /bin/sh;
			shellScript = "diff \"${PODS_ROOT}/../Podfile.lock\" \"${PODS_ROOT}/Manifest.lock\" > /dev/null\nif [[ $? != 0 ]] ; then\n    cat << EOM\nerror: The sandbox is not in sync with the Podfile.lock. Run 'pod install' or update your CocoaPods installation.\nEOM\n    exit 1\nfi\n";
			showEnvVarsInLog = 0;
		};
		6170CCA3382BAC90AD4DEF40 /* 📦 Copy Pods Resources */ = {
			isa = PBXShellScriptBuildPhase;
			buildActionMask = 2147483647;
			files = (
			);
			inputPaths = (
			);
			name = "📦 Copy Pods Resources";
			outputPaths = (
			);
			runOnlyForDeploymentPostprocessing = 0;
			shellPath = /bin/sh;
			shellScript = "\"${SRCROOT}/Pods/Target Support Files/Pods-QiangGouHui/Pods-QiangGouHui-resources.sh\"\n";
			showEnvVarsInLog = 0;
		};
		EE466F5DFED2D82AD340316C /* 📦 Embed Pods Frameworks */ = {
			isa = PBXShellScriptBuildPhase;
			buildActionMask = 2147483647;
			files = (
			);
			inputPaths = (
			);
			name = "📦 Embed Pods Frameworks";
			outputPaths = (
			);
			runOnlyForDeploymentPostprocessing = 0;
			shellPath = /bin/sh;
			shellScript = "\"${SRCROOT}/Pods/Target Support Files/Pods-QiangGouHui/Pods-QiangGouHui-frameworks.sh\"\n";
			showEnvVarsInLog = 0;
		};
/* End PBXShellScriptBuildPhase section */

/* Begin PBXSourcesBuildPhase section */
		41BF0F901CFB4F6100FB23C2 /* Sources */ = {
			isa = PBXSourcesBuildPhase;
			buildActionMask = 2147483647;
			files = (
				41DA4ADE1D159B5000A8E42D /* MMHPersonalCenterAllOrderCell.m in Sources */,
				41B3F3FC1CFC93940007195B /* UIView+StringTag.m in Sources */,
				41B3F4061CFC98E70007195B /* BaseViewController.m in Sources */,
				41BF0F9F1CFB4F6100FB23C2 /* ViewController.m in Sources */,
				41DA4ACE1D1594BE00A8E42D /* QGHPersonalCenterViewController.m in Sources */,
				41BEEB351D0F086100612F88 /* QGHCartViewController.m in Sources */,
				4159554A1D04685D00AC2BD4 /* QGHFirstBannerCell.m in Sources */,
				41BEEB211D0D979E00612F88 /* QGHRushPurchaseItemsCell.m in Sources */,
				41BEEB281D0D9A6A00612F88 /* QGHGoodsTableViewCell.m in Sources */,
				41B3F4021CFC97230007195B /* NSString+QSCalcSize.m in Sources */,
				41DA4AD41D15962000A8E42D /* QGHCommonCellTableViewCell.m in Sources */,
				41B3F3FF1CFC948C0007195B /* QGHAppearance.m in Sources */,
				41B3F3F71CFC8A670007195B /* MMHAssistant.m in Sources */,
				41BEEB2C1D0EF82400612F88 /* QGHGoodsHeaderView.m in Sources */,
				415955411D04639900AC2BD4 /* QGHFirstViewController.m in Sources */,
				41BF0F9C1CFB4F6100FB23C2 /* AppDelegate.m in Sources */,
				41B3F4091CFCA0830007195B /* QGHTabBarController.m in Sources */,
				41DA4AE21D16F31300A8E42D /* QGHChatViewController.m in Sources */,
				411ADC3E1D1835370050B8EB /* QGHRegisterViewController.m in Sources */,
				41BF0F991CFB4F6100FB23C2 /* main.m in Sources */,
				411ADC411D184D6D0050B8EB /* VerificationCodeTimer.swift in Sources */,
				41C64C6D1D181AF300E22E5B /* AdView.m in Sources */,
				415955441D0465E500AC2BD4 /* QGHBannerCell.m in Sources */,
				41B3F3F41CFC87010007195B /* MMHImageView.m in Sources */,
				41BF0FB81CFB50D600FB23C2 /* QGHLocationManager.m in Sources */,
				41BEEB311D0F06FE00612F88 /* Stepper.swift in Sources */,
				41C64C721D181C0300E22E5B /* QGHLoginViewController.m in Sources */,
				415955511D046DC800AC2BD4 /* QGHRushPurchaseItemView.m in Sources */,
				41DA4AE51D16FDEF00A8E42D /* QGHSegmentedControl.m in Sources */,
			);
			runOnlyForDeploymentPostprocessing = 0;
		};
/* End PBXSourcesBuildPhase section */

/* Begin PBXVariantGroup section */
		41BF0FA51CFB4F6100FB23C2 /* LaunchScreen.storyboard */ = {
			isa = PBXVariantGroup;
			children = (
				41BF0FA61CFB4F6100FB23C2 /* Base */,
			);
			name = LaunchScreen.storyboard;
			sourceTree = "<group>";
		};
/* End PBXVariantGroup section */

/* Begin XCBuildConfiguration section */
		41BF0FA91CFB4F6100FB23C2 /* Debug */ = {
			isa = XCBuildConfiguration;
			buildSettings = {
				ALWAYS_SEARCH_USER_PATHS = NO;
				CLANG_ANALYZER_NONNULL = YES;
				CLANG_CXX_LANGUAGE_STANDARD = "gnu++0x";
				CLANG_CXX_LIBRARY = "libc++";
				CLANG_ENABLE_MODULES = YES;
				CLANG_ENABLE_OBJC_ARC = YES;
				CLANG_WARN_BOOL_CONVERSION = YES;
				CLANG_WARN_CONSTANT_CONVERSION = YES;
				CLANG_WARN_DIRECT_OBJC_ISA_USAGE = YES_ERROR;
				CLANG_WARN_EMPTY_BODY = YES;
				CLANG_WARN_ENUM_CONVERSION = YES;
				CLANG_WARN_INT_CONVERSION = YES;
				CLANG_WARN_OBJC_ROOT_CLASS = YES_ERROR;
				CLANG_WARN_UNREACHABLE_CODE = YES;
				CLANG_WARN__DUPLICATE_METHOD_MATCH = YES;
				"CODE_SIGN_IDENTITY[sdk=iphoneos*]" = "iPhone Developer";
				COPY_PHASE_STRIP = NO;
				DEBUG_INFORMATION_FORMAT = dwarf;
				ENABLE_STRICT_OBJC_MSGSEND = YES;
				ENABLE_TESTABILITY = YES;
				GCC_C_LANGUAGE_STANDARD = gnu99;
				GCC_DYNAMIC_NO_PIC = NO;
				GCC_NO_COMMON_BLOCKS = YES;
				GCC_OPTIMIZATION_LEVEL = 0;
				GCC_PREPROCESSOR_DEFINITIONS = (
					"DEBUG=1",
					"$(inherited)",
				);
				GCC_WARN_64_TO_32_BIT_CONVERSION = YES;
				GCC_WARN_ABOUT_RETURN_TYPE = YES_ERROR;
				GCC_WARN_UNDECLARED_SELECTOR = YES;
				GCC_WARN_UNINITIALIZED_AUTOS = YES_AGGRESSIVE;
				GCC_WARN_UNUSED_FUNCTION = YES;
				GCC_WARN_UNUSED_VARIABLE = YES;
				IPHONEOS_DEPLOYMENT_TARGET = 9.3;
				MTL_ENABLE_DEBUG_INFO = YES;
				ONLY_ACTIVE_ARCH = YES;
				SDKROOT = iphoneos;
			};
			name = Debug;
		};
		41BF0FAA1CFB4F6100FB23C2 /* Release */ = {
			isa = XCBuildConfiguration;
			buildSettings = {
				ALWAYS_SEARCH_USER_PATHS = NO;
				CLANG_ANALYZER_NONNULL = YES;
				CLANG_CXX_LANGUAGE_STANDARD = "gnu++0x";
				CLANG_CXX_LIBRARY = "libc++";
				CLANG_ENABLE_MODULES = YES;
				CLANG_ENABLE_OBJC_ARC = YES;
				CLANG_WARN_BOOL_CONVERSION = YES;
				CLANG_WARN_CONSTANT_CONVERSION = YES;
				CLANG_WARN_DIRECT_OBJC_ISA_USAGE = YES_ERROR;
				CLANG_WARN_EMPTY_BODY = YES;
				CLANG_WARN_ENUM_CONVERSION = YES;
				CLANG_WARN_INT_CONVERSION = YES;
				CLANG_WARN_OBJC_ROOT_CLASS = YES_ERROR;
				CLANG_WARN_UNREACHABLE_CODE = YES;
				CLANG_WARN__DUPLICATE_METHOD_MATCH = YES;
				"CODE_SIGN_IDENTITY[sdk=iphoneos*]" = "iPhone Developer";
				COPY_PHASE_STRIP = NO;
				DEBUG_INFORMATION_FORMAT = "dwarf-with-dsym";
				ENABLE_NS_ASSERTIONS = NO;
				ENABLE_STRICT_OBJC_MSGSEND = YES;
				GCC_C_LANGUAGE_STANDARD = gnu99;
				GCC_NO_COMMON_BLOCKS = YES;
				GCC_WARN_64_TO_32_BIT_CONVERSION = YES;
				GCC_WARN_ABOUT_RETURN_TYPE = YES_ERROR;
				GCC_WARN_UNDECLARED_SELECTOR = YES;
				GCC_WARN_UNINITIALIZED_AUTOS = YES_AGGRESSIVE;
				GCC_WARN_UNUSED_FUNCTION = YES;
				GCC_WARN_UNUSED_VARIABLE = YES;
				IPHONEOS_DEPLOYMENT_TARGET = 9.3;
				MTL_ENABLE_DEBUG_INFO = NO;
				SDKROOT = iphoneos;
				VALIDATE_PRODUCT = YES;
			};
			name = Release;
		};
		41BF0FAC1CFB4F6100FB23C2 /* Debug */ = {
			isa = XCBuildConfiguration;
			baseConfigurationReference = 3CF590EBA94ADBACCEF0BC3D /* Pods-QiangGouHui.debug.xcconfig */;
			buildSettings = {
				ASSETCATALOG_COMPILER_APPICON_NAME = AppIcon;
				CLANG_ENABLE_MODULES = YES;
				DEFINES_MODULE = NO;
				GCC_PRECOMPILE_PREFIX_HEADER = YES;
				GCC_PREFIX_HEADER = "$(SRCROOT)/QiangGouHui/QGH-Prefix.pch";
				INFOPLIST_FILE = QiangGouHui/Info.plist;
				IPHONEOS_DEPLOYMENT_TARGET = 7.0;
				LD_RUNPATH_SEARCH_PATHS = "$(inherited) @executable_path/Frameworks";
				PRODUCT_BUNDLE_IDENTIFIER = com.softbank.purchase;
				PRODUCT_NAME = "$(TARGET_NAME)";
				SWIFT_OBJC_BRIDGING_HEADER = "QiangGouHui/QiangGouHui-Bridging-Header.h";
				SWIFT_OPTIMIZATION_LEVEL = "-Onone";
			};
			name = Debug;
		};
		41BF0FAD1CFB4F6100FB23C2 /* Release */ = {
			isa = XCBuildConfiguration;
			baseConfigurationReference = B9BECC3B9212C2BF0AD13B4F /* Pods-QiangGouHui.release.xcconfig */;
			buildSettings = {
				ASSETCATALOG_COMPILER_APPICON_NAME = AppIcon;
				CLANG_ENABLE_MODULES = YES;
				DEFINES_MODULE = NO;
				GCC_PRECOMPILE_PREFIX_HEADER = YES;
				GCC_PREFIX_HEADER = "$(SRCROOT)/QiangGouHui/QGH-Prefix.pch";
				INFOPLIST_FILE = QiangGouHui/Info.plist;
				IPHONEOS_DEPLOYMENT_TARGET = 7.0;
				LD_RUNPATH_SEARCH_PATHS = "$(inherited) @executable_path/Frameworks";
				PRODUCT_BUNDLE_IDENTIFIER = com.softbank.purchase;
				PRODUCT_NAME = "$(TARGET_NAME)";
				SWIFT_OBJC_BRIDGING_HEADER = "QiangGouHui/QiangGouHui-Bridging-Header.h";
			};
			name = Release;
		};
/* End XCBuildConfiguration section */

/* Begin XCConfigurationList section */
		41BF0F8F1CFB4F6100FB23C2 /* Build configuration list for PBXProject "QiangGouHui" */ = {
			isa = XCConfigurationList;
			buildConfigurations = (
				41BF0FA91CFB4F6100FB23C2 /* Debug */,
				41BF0FAA1CFB4F6100FB23C2 /* Release */,
			);
			defaultConfigurationIsVisible = 0;
			defaultConfigurationName = Release;
		};
		41BF0FAB1CFB4F6100FB23C2 /* Build configuration list for PBXNativeTarget "QiangGouHui" */ = {
			isa = XCConfigurationList;
			buildConfigurations = (
				41BF0FAC1CFB4F6100FB23C2 /* Debug */,
				41BF0FAD1CFB4F6100FB23C2 /* Release */,
			);
			defaultConfigurationIsVisible = 0;
			defaultConfigurationName = Release;
		};
/* End XCConfigurationList section */
	};
	rootObject = 41BF0F8C1CFB4F6100FB23C2 /* Project object */;
}
